
Microsoft Visual Studio Solution File, Format Version 12.00
# Visual Studio Version 16
VisualStudioVersion = 16.0.31911.196
MinimumVisualStudioVersion = 10.0.40219.1
Project("{FAE04EC0-301F-11D3-BF4B-00C04F79EFBC}") = "SpiralMatrix", "SpiralMatrix.csproj", "{D371EAE0-00D6-4BFC-A7D6-B974AEF23FEB}"
EndProject
Global
	GlobalSection(SolutionConfigurationPlatforms) = preSolution
		Debug|Any CPU = Debug|Any CPU
		Release|Any CPU = Release|Any CPU
	EndGlobalSection
	GlobalSection(ProjectConfigurationPlatforms) = postSolution
		{D371EAE0-00D6-4BFC-A7D6-B974AEF23FEB}.Debug|Any CPU.ActiveCfg = Debug|Any CPU
		{D371EAE0-00D6-4BFC-A7D6-B974AEF23FEB}.Debug|Any CPU.Build.0 = Debug|Any CPU
		{D371EAE0-00D6-4BFC-A7D6-B974AEF23FEB}.Release|Any CPU.ActiveCfg = Release|Any CPU
		{D371EAE0-00D6-4BFC-A7D6-B974AEF23FEB}.Release|Any CPU.Build.0 = Release|Any CPU
	EndGlobalSection
	GlobalSection(SolutionProperties) = preSolution
		HideSolutionNode = FALSE
	EndGlobalSection
	GlobalSection(ExtensibilityGlobals) = postSolution
		SolutionGuid = {4F5FDCB1-6539-4A63-AA84-94EEDEAD85D3}
	EndGlobalSection
EndGlobal
